// !$*UTF8*$!
{
	archiveVersion = 1;
	classes = {
	};
	objectVersion = 46;
	objects = {

/* Begin PBXBuildFile section */
		28C9606D1AF64ADC00D19258 /* AppDelegate.swift in Sources */ = {isa = PBXBuildFile; fileRef = 28C9606C1AF64ADC00D19258 /* AppDelegate.swift */; };
		28C960721AF64ADC00D19258 /* Main.storyboard in Resources */ = {isa = PBXBuildFile; fileRef = 28C960701AF64ADC00D19258 /* Main.storyboard */; };
		28C960741AF64ADC00D19258 /* Images.xcassets in Resources */ = {isa = PBXBuildFile; fileRef = 28C960731AF64ADC00D19258 /* Images.xcassets */; };
		28C960771AF64ADC00D19258 /* LaunchScreen.xib in Resources */ = {isa = PBXBuildFile; fileRef = 28C960751AF64ADC00D19258 /* LaunchScreen.xib */; };
		28C960831AF64ADC00D19258 /* ImageViewerTests.swift in Sources */ = {isa = PBXBuildFile; fileRef = 28C960821AF64ADC00D19258 /* ImageViewerTests.swift */; };
		28C9608D1AF658C800D19258 /* Photos.swift in Sources */ = {isa = PBXBuildFile; fileRef = 28C9608C1AF658C800D19258 /* Photos.swift */; };
		28C960911AF659F700D19258 /* IamgeTableTableViewController.swift in Sources */ = {isa = PBXBuildFile; fileRef = 28C960901AF659F700D19258 /* IamgeTableTableViewController.swift */; };
		28C960971AF65A8300D19258 /* DisplayViewController.swift in Sources */ = {isa = PBXBuildFile; fileRef = 28C960961AF65A8300D19258 /* DisplayViewController.swift */; };
		28C960991AF65A9600D19258 /* NotesViewController.swift in Sources */ = {isa = PBXBuildFile; fileRef = 28C960981AF65A9600D19258 /* NotesViewController.swift */; };
/* End PBXBuildFile section */

/* Begin PBXContainerItemProxy section */
		28C9607D1AF64ADC00D19258 /* PBXContainerItemProxy */ = {
			isa = PBXContainerItemProxy;
			containerPortal = 28C9605F1AF64ADC00D19258 /* Project object */;
			proxyType = 1;
			remoteGlobalIDString = 28C960661AF64ADC00D19258;
			remoteInfo = ImageViewer;
		};
/* End PBXContainerItemProxy section */

/* Begin PBXFileReference section */
		28C960671AF64ADC00D19258 /* ImageViewer.app */ = {isa = PBXFileReference; explicitFileType = wrapper.application; includeInIndex = 0; path = ImageViewer.app; sourceTree = BUILT_PRODUCTS_DIR; };
		28C9606B1AF64ADC00D19258 /* Info.plist */ = {isa = PBXFileReference; lastKnownFileType = text.plist.xml; path = Info.plist; sourceTree = "<group>"; };
		28C9606C1AF64ADC00D19258 /* AppDelegate.swift */ = {isa = PBXFileReference; lastKnownFileType = sourcecode.swift; path = AppDelegate.swift; sourceTree = "<group>"; };
		28C960711AF64ADC00D19258 /* Base */ = {isa = PBXFileReference; lastKnownFileType = file.storyboard; name = Base; path = Base.lproj/Main.storyboard; sourceTree = "<group>"; };
		28C960731AF64ADC00D19258 /* Images.xcassets */ = {isa = PBXFileReference; lastKnownFileType = folder.assetcatalog; path = Images.xcassets; sourceTree = "<group>"; };
		28C960761AF64ADC00D19258 /* Base */ = {isa = PBXFileReference; lastKnownFileType = file.xib; name = Base; path = Base.lproj/LaunchScreen.xib; sourceTree = "<group>"; };
		28C9607C1AF64ADC00D19258 /* ImageViewerTests.xctest */ = {isa = PBXFileReference; explicitFileType = wrapper.cfbundle; includeInIndex = 0; path = ImageViewerTests.xctest; sourceTree = BUILT_PRODUCTS_DIR; };
		28C960811AF64ADC00D19258 /* Info.plist */ = {isa = PBXFileReference; lastKnownFileType = text.plist.xml; path = Info.plist; sourceTree = "<group>"; };
		28C960821AF64ADC00D19258 /* ImageViewerTests.swift */ = {isa = PBXFileReference; lastKnownFileType = sourcecode.swift; path = ImageViewerTests.swift; sourceTree = "<group>"; };
		28C9608C1AF658C800D19258 /* Photos.swift */ = {isa = PBXFileReference; fileEncoding = 4; lastKnownFileType = sourcecode.swift; path = Photos.swift; sourceTree = "<group>"; };
		28C960901AF659F700D19258 /* IamgeTableTableViewController.swift */ = {isa = PBXFileReference; fileEncoding = 4; lastKnownFileType = sourcecode.swift; path = IamgeTableTableViewController.swift; sourceTree = "<group>"; };
		28C960961AF65A8300D19258 /* DisplayViewController.swift */ = {isa = PBXFileReference; fileEncoding = 4; lastKnownFileType = sourcecode.swift; path = DisplayViewController.swift; sourceTree = "<group>"; };
		28C960981AF65A9600D19258 /* NotesViewController.swift */ = {isa = PBXFileReference; fileEncoding = 4; lastKnownFileType = sourcecode.swift; path = NotesViewController.swift; sourceTree = "<group>"; };
/* End PBXFileReference section */

/* Begin PBXFrameworksBuildPhase section */
		28C960641AF64ADC00D19258 /* Frameworks */ = {
			isa = PBXFrameworksBuildPhase;
			buildActionMask = 2147483647;
			files = (
			);
			runOnlyForDeploymentPostprocessing = 0;
		};
		28C960791AF64ADC00D19258 /* Frameworks */ = {
			isa = PBXFrameworksBuildPhase;
			buildActionMask = 2147483647;
			files = (
			);
			runOnlyForDeploymentPostprocessing = 0;
		};
/* End PBXFrameworksBuildPhase section */

/* Begin PBXGroup section */
		28C9605E1AF64ADC00D19258 = {
			isa = PBXGroup;
			children = (
				28C9608C1AF658C800D19258 /* Photos.swift */,
				28C960691AF64ADC00D19258 /* ImageViewer */,
				28C9607F1AF64ADC00D19258 /* ImageViewerTests */,
				28C960681AF64ADC00D19258 /* Products */,
			);
			sourceTree = "<group>";
		};
		28C960681AF64ADC00D19258 /* Products */ = {
			isa = PBXGroup;
			children = (
				28C960671AF64ADC00D19258 /* ImageViewer.app */,
				28C9607C1AF64ADC00D19258 /* ImageViewerTests.xctest */,
			);
			name = Products;
			sourceTree = "<group>";
		};
		28C960691AF64ADC00D19258 /* ImageViewer */ = {
			isa = PBXGroup;
			children = (
				28C9606C1AF64ADC00D19258 /* AppDelegate.swift */,
				28C960901AF659F700D19258 /* IamgeTableTableViewController.swift */,
				28C960961AF65A8300D19258 /* DisplayViewController.swift */,
				28C960981AF65A9600D19258 /* NotesViewController.swift */,
				28C960701AF64ADC00D19258 /* Main.storyboard */,
				28C960731AF64ADC00D19258 /* Images.xcassets */,
				28C960751AF64ADC00D19258 /* LaunchScreen.xib */,
				28C9606A1AF64ADC00D19258 /* Supporting Files */,
			);
			path = ImageViewer;
			sourceTree = "<group>";
		};
		28C9606A1AF64ADC00D19258 /* Supporting Files */ = {
			isa = PBXGroup;
			children = (
				28C9606B1AF64ADC00D19258 /* Info.plist */,
			);
			name = "Supporting Files";
			sourceTree = "<group>";
		};
		28C9607F1AF64ADC00D19258 /* ImageViewerTests */ = {
			isa = PBXGroup;
			children = (
				28C960821AF64ADC00D19258 /* ImageViewerTests.swift */,
				28C960801AF64ADC00D19258 /* Supporting Files */,
			);
			path = ImageViewerTests;
			sourceTree = "<group>";
		};
		28C960801AF64ADC00D19258 /* Supporting Files */ = {
			isa = PBXGroup;
			children = (
				28C960811AF64ADC00D19258 /* Info.plist */,
			);
			name = "Supporting Files";
			sourceTree = "<group>";
		};
/* End PBXGroup section */

/* Begin PBXNativeTarget section */
		28C960661AF64ADC00D19258 /* ImageViewer */ = {
			isa = PBXNativeTarget;
			buildConfigurationList = 28C960861AF64ADC00D19258 /* Build configuration list for PBXNativeTarget "ImageViewer" */;
			buildPhases = (
				28C960631AF64ADC00D19258 /* Sources */,
				28C960641AF64ADC00D19258 /* Frameworks */,
				28C960651AF64ADC00D19258 /* Resources */,
			);
			buildRules = (
			);
			dependencies = (
			);
			name = ImageViewer;
			productName = ImageViewer;
			productReference = 28C960671AF64ADC00D19258 /* ImageViewer.app */;
			productType = "com.apple.product-type.application";
		};
		28C9607B1AF64ADC00D19258 /* ImageViewerTests */ = {
			isa = PBXNativeTarget;
			buildConfigurationList = 28C960891AF64ADC00D19258 /* Build configuration list for PBXNativeTarget "ImageViewerTests" */;
			buildPhases = (
				28C960781AF64ADC00D19258 /* Sources */,
				28C960791AF64ADC00D19258 /* Frameworks */,
				28C9607A1AF64ADC00D19258 /* Resources */,
			);
			buildRules = (
			);
			dependencies = (
				28C9607E1AF64ADC00D19258 /* PBXTargetDependency */,
			);
			name = ImageViewerTests;
			productName = ImageViewerTests;
			productReference = 28C9607C1AF64ADC00D19258 /* ImageViewerTests.xctest */;
			productType = "com.apple.product-type.bundle.unit-test";
		};
/* End PBXNativeTarget section */

/* Begin PBXProject section */
		28C9605F1AF64ADC00D19258 /* Project object */ = {
			isa = PBXProject;
			attributes = {
				LastUpgradeCheck = 0610;
				ORGANIZATIONNAME = Szabist;
				TargetAttributes = {
					28C960661AF64ADC00D19258 = {
						CreatedOnToolsVersion = 6.1.1;
					};
					28C9607B1AF64ADC00D19258 = {
						CreatedOnToolsVersion = 6.1.1;
						TestTargetID = 28C960661AF64ADC00D19258;
					};
				};
			};
			buildConfigurationList = 28C960621AF64ADC00D19258 /* Build configuration list for PBXProject "ImageViewer" */;
			compatibilityVersion = "Xcode 3.2";
			developmentRegion = English;
			hasScannedForEncodings = 0;
			knownRegions = (
				en,
				Base,
			);
			mainGroup = 28C9605E1AF64ADC00D19258;
			productRefGroup = 28C960681AF64ADC00D19258 /* Products */;
			projectDirPath = "";
			projectRoot = "";
			targets = (
				28C960661AF64ADC00D19258 /* ImageViewer */,
				28C9607B1AF64ADC00D19258 /* ImageViewerTests */,
			);
		};
/* End PBXProject section */

/* Begin PBXResourcesBuildPhase section */
		28C960651AF64ADC00D19258 /* Resources */ = {
			isa = PBXResourcesBuildPhase;
			buildActionMask = 2147483647;
			files = (
				28C960721AF64ADC00D19258 /* Main.storyboard in Resources */,
				28C960771AF64ADC00D19258 /* LaunchScreen.xib in Resources */,
				28C960741AF64ADC00D19258 /* Images.xcassets in Resources */,
			);
			runOnlyForDeploymentPostprocessing = 0;
		};
		28C9607A1AF64ADC00D19258 /* Resources */ = {
			isa = PBXResourcesBuildPhase;
			buildActionMask = 2147483647;
			files = (
			);
			runOnlyForDeploymentPostprocessing = 0;
		};
/* End PBXResourcesBuildPhase section */

/* Begin PBXSourcesBuildPhase section */
		28C960631AF64ADC00D19258 /* Sources */ = {
			isa = PBXSourcesBuildPhase;
			buildActionMask = 2147483647;
			files = (
				28C960911AF659F700D19258 /* IamgeTableTableViewController.swift in Sources */,
				28C960991AF65A9600D19258 /* NotesViewController.swift in Sources */,
				28C9608D1AF658C800D19258 /* Photos.swift in Sources */,
				28C9606D1AF64ADC00D19258 /* AppDelegate.swift in Sources */,
				28C960971AF65A8300D19258 /* DisplayViewController.swift in Sources */,
			);
			runOnlyForDeploymentPostprocessing = 0;
		};
		28C960781AF64ADC00D19258 /* Sources */ = {
			isa = PBXSourcesBuildPhase;
			buildActionMask = 2147483647;
			files = (
				28C960831AF64ADC00D19258 /* ImageViewerTests.swift in Sources */,
			);
			runOnlyForDeploymentPostprocessing = 0;
		};
/* End PBXSourcesBuildPhase section */

/* Begin PBXTargetDependency section */
		28C9607E1AF64ADC00D19258 /* PBXTargetDependency */ = {
			isa = PBXTargetDependency;
			target = 28C960661AF64ADC00D19258 /* ImageViewer */;
			targetProxy = 28C9607D1AF64ADC00D19258 /* PBXContainerItemProxy */;
		};
/* End PBXTargetDependency section */

/* Begin PBXVariantGroup section */
		28C960701AF64ADC00D19258 /* Main.storyboard */ = {
			isa = PBXVariantGroup;
			children = (
				28C960711AF64ADC00D19258 /* Base */,
			);
			name = Main.storyboard;
			sourceTree = "<group>";
		};
		28C960751AF64ADC00D19258 /* LaunchScreen.xib */ = {
			isa = PBXVariantGroup;
			children = (
				28C960761AF64ADC00D19258 /* Base */,
			);
			name = LaunchScreen.xib;
			sourceTree = "<group>";
		};
/* End PBXVariantGroup section */

/* Begin XCBuildConfiguration section */
		28C960841AF64ADC00D19258 /* Debug */ = {
			isa = XCBuildConfiguration;
			buildSettings = {
				ALWAYS_SEARCH_USER_PATHS = NO;
				CLANG_CXX_LANGUAGE_STANDARD = "gnu++0x";
				CLANG_CXX_LIBRARY = "libc++";
				CLANG_ENABLE_MODULES = YES;
				CLANG_ENABLE_OBJC_ARC = YES;
				CLANG_WARN_BOOL_CONVERSION = YES;
				CLANG_WARN_CONSTANT_CONVERSION = YES;
				CLANG_WARN_DIRECT_OBJC_ISA_USAGE = YES_ERROR;
				CLANG_WARN_EMPTY_BODY = YES;
				CLANG_WARN_ENUM_CONVERSION = YES;
				CLANG_WARN_INT_CONVERSION = YES;
				CLANG_WARN_OBJC_ROOT_CLASS = YES_ERROR;
				CLANG_WARN_UNREACHABLE_CODE = YES;
				CLANG_WARN__DUPLICATE_METHOD_MATCH = YES;
				"CODE_SIGN_IDENTITY[sdk=iphoneos*]" = "iPhone Developer";
				COPY_PHASE_STRIP = NO;
				ENABLE_STRICT_OBJC_MSGSEND = YES;
				GCC_C_LANGUAGE_STANDARD = gnu99;
				GCC_DYNAMIC_NO_PIC = NO;
				GCC_OPTIMIZATION_LEVEL = 0;
				GCC_PREPROCESSOR_DEFINITIONS = (
					"DEBUG=1",
					"$(inherited)",
				);
				GCC_SYMBOLS_PRIVATE_EXTERN = NO;
				GCC_WARN_64_TO_32_BIT_CONVERSION = YES;
				GCC_WARN_ABOUT_RETURN_TYPE = YES_ERROR;
				GCC_WARN_UNDECLARED_SELECTOR = YES;
				GCC_WARN_UNINITIALIZED_AUTOS = YES_AGGRESSIVE;
				GCC_WARN_UNUSED_FUNCTION = YES;
				GCC_WARN_UNUSED_VARIABLE = YES;
				IPHONEOS_DEPLOYMENT_TARGET = 8.1;
				MTL_ENABLE_DEBUG_INFO = YES;
				ONLY_ACTIVE_ARCH = YES;
				SDKROOT = iphoneos;
				SWIFT_OPTIMIZATION_LEVEL = "-Onone";
			};
			name = Debug;
		};
		28C960851AF64ADC00D19258 /* Release */ = {
			isa = XCBuildConfiguration;
			buildSettings = {
				ALWAYS_SEARCH_USER_PATHS = NO;
				CLANG_CXX_LANGUAGE_STANDARD = "gnu++0x";
				CLANG_CXX_LIBRARY = "libc++";
				CLANG_ENABLE_MODULES = YES;
				CLANG_ENABLE_OBJC_ARC = YES;
				CLANG_WARN_BOOL_CONVERSION = YES;
				CLANG_WARN_CONSTANT_CONVERSION = YES;
				CLANG_WARN_DIRECT_OBJC_ISA_USAGE = YES_ERROR;
				CLANG_WARN_EMPTY_BODY = YES;
				CLANG_WARN_ENUM_CONVERSION = YES;
				CLANG_WARN_INT_CONVERSION = YES;
				CLANG_WARN_OBJC_ROOT_CLASS = YES_ERROR;
				CLANG_WARN_UNREACHABLE_CODE = YES;
				CLANG_WARN__DUPLICATE_METHOD_MATCH = YES;
				"CODE_SIGN_IDENTITY[sdk=iphoneos*]" = "iPhone Developer";
				COPY_PHASE_STRIP = YES;
				ENABLE_NS_ASSERTIONS = NO;
				ENABLE_STRICT_OBJC_MSGSEND = YES;
				GCC_C_LANGUAGE_STANDARD = gnu99;
				GCC_WARN_64_TO_32_BIT_CONVERSION = YES;
				GCC_WARN_ABOUT_RETURN_TYPE = YES_ERROR;
				GCC_WARN_UNDECLARED_SELECTOR = YES;
				GCC_WARN_UNINITIALIZED_AUTOS = YES_AGGRESSIVE;
				GCC_WARN_UNUSED_FUNCTION = YES;
				GCC_WARN_UNUSED_VARIABLE = YES;
				IPHONEOS_DEPLOYMENT_TARGET = 8.1;
				MTL_ENABLE_DEBUG_INFO = NO;
				SDKROOT = iphoneos;
				VALIDATE_PRODUCT = YES;
			};
			name = Release;
		};
		28C960871AF64ADC00D19258 /* Debug */ = {
			isa = XCBuildConfiguration;
			buildSettings = {
				ASSETCATALOG_COMPILER_APPICON_NAME = AppIcon;
				INFOPLIST_FILE = ImageViewer/Info.plist;
				LD_RUNPATH_SEARCH_PATHS = "$(inherited) @executable_path/Frameworks";
				PRODUCT_NAME = "$(TARGET_NAME)";
			};
			name = Debug;
		};
		28C960881AF64ADC00D19258 /* Release */ = {
			isa = XCBuildConfiguration;
			buildSettings = {
				ASSETCATALOG_COMPILER_APPICON_NAME = AppIcon;
				INFOPLIST_FILE = ImageViewer/Info.plist;
				LD_RUNPATH_SEARCH_PATHS = "$(inherited) @executable_path/Frameworks";
				PRODUCT_NAME = "$(TARGET_NAME)";
			};
			name = Release;
		};
		28C9608A1AF64ADC00D19258 /* Debug */ = {
			isa = XCBuildConfiguration;
			buildSettings = {
				BUNDLE_LOADER = "$(TEST_HOST)";
				FRAMEWORK_SEARCH_PATHS = (
					"$(SDKROOT)/Developer/Library/Frameworks",
					"$(inherited)",
				);
				GCC_PREPROCESSOR_DEFINITIONS = (
					"DEBUG=1",
					"$(inherited)",
				);
				INFOPLIST_FILE = ImageViewerTests/Info.plist;
				LD_RUNPATH_SEARCH_PATHS = "$(inherited) @executable_path/Frameworks @loader_path/Frameworks";
				PRODUCT_NAME = "$(TARGET_NAME)";
				TEST_HOST = "$(BUILT_PRODUCTS_DIR)/ImageViewer.app/ImageViewer";
			};
			name = Debug;
		};
		28C9608B1AF64ADC00D19258 /* Release */ = {
			isa = XCBuildConfiguration;
			buildSettings = {
				BUNDLE_LOADER = "$(TEST_HOST)";
				FRAMEWORK_SEARCH_PATHS = (
					"$(SDKROOT)/Developer/Library/Frameworks",
					"$(inherited)",
				);
				INFOPLIST_FILE = ImageViewerTests/Info.plist;
				LD_RUNPATH_SEARCH_PATHS = "$(inherited) @executable_path/Frameworks @loader_path/Frameworks";
				PRODUCT_NAME = "$(TARGET_NAME)";
				TEST_HOST = "$(BUILT_PRODUCTS_DIR)/ImageViewer.app/ImageViewer";
			};
			name = Release;
		};
/* End XCBuildConfiguration section */

/* Begin XCConfigurationList section */
		28C960621AF64ADC00D19258 /* Build configuration list for PBXProject "ImageViewer" */ = {
			isa = XCConfigurationList;
			buildConfigurations = (
				28C960841AF64ADC00D19258 /* Debug */,
				28C960851AF64ADC00D19258 /* Release */,
			);
			defaultConfigurationIsVisible = 0;
			defaultConfigurationName = Release;
		};
		28C960861AF64ADC00D19258 /* Build configuration list for PBXNativeTarget "ImageViewer" */ = {
			isa = XCConfigurationList;
			buildConfigurations = (
				28C960871AF64ADC00D19258 /* Debug */,
				28C960881AF64ADC00D19258 /* Release */,
			);
			defaultConfigurationIsVisible = 0;
		};
		28C960891AF64ADC00D19258 /* Build configuration list for PBXNativeTarget "ImageViewerTests" */ = {
			isa = XCConfigurationList;
			buildConfigurations = (
				28C9608A1AF64ADC00D19258 /* Debug */,
				28C9608B1AF64ADC00D19258 /* Release */,
			);
			defaultConfigurationIsVisible = 0;
		};
/* End XCConfigurationList section */
	};
	rootObject = 28C9605F1AF64ADC00D19258 /* Project object */;
}
